
Microsoft Visual Studio Solution File, Format Version 12.00
# Visual Studio Version 16
VisualStudioVersion = 16.0.31105.61
MinimumVisualStudioVersion = 10.0.40219.1
Project("{9A19103F-16F7-4668-BE54-9A1E7A4F7556}") = "Calificaciones", "Calificaciones\Calificaciones.csproj", "{A4F07DB9-D400-4AD7-817C-48C53FE4EA69}"
EndProject
Global
	GlobalSection(SolutionConfigurationPlatforms) = preSolution
		Debug|Any CPU = Debug|Any CPU
		Release|Any CPU = Release|Any CPU
	EndGlobalSection
	GlobalSection(ProjectConfigurationPlatforms) = postSolution
		{A4F07DB9-D400-4AD7-817C-48C53FE4EA69}.Debug|Any CPU.ActiveCfg = Debug|Any CPU
		{A4F07DB9-D400-4AD7-817C-48C53FE4EA69}.Debug|Any CPU.Build.0 = Debug|Any CPU
		{A4F07DB9-D400-4AD7-817C-48C53FE4EA69}.Release|Any CPU.ActiveCfg = Release|Any CPU
		{A4F07DB9-D400-4AD7-817C-48C53FE4EA69}.Release|Any CPU.Build.0 = Release|Any CPU
	EndGlobalSection
	GlobalSection(SolutionProperties) = preSolution
		HideSolutionNode = FALSE
	EndGlobalSection
	GlobalSection(ExtensibilityGlobals) = postSolution
		SolutionGuid = {47894655-F62C-4B96-854D-D99C40ED42D9}
	EndGlobalSection
EndGlobal
